
Microsoft Visual Studio Solution File, Format Version 12.00
# Visual Studio Version 17
VisualStudioVersion = 17.11.35312.102
MinimumVisualStudioVersion = 10.0.40219.1
Project("{FAE04EC0-301F-11D3-BF4B-00C04F79EFBC}") = "Array", "Array\Array.csproj", "{5F1321C5-823F-4D92-8C3B-9D9C80A2F2BD}"
EndProject
Global
	GlobalSection(SolutionConfigurationPlatforms) = preSolution
		Debug|Any CPU = Debug|Any CPU
		Release|Any CPU = Release|Any CPU
	EndGlobalSection
	GlobalSection(ProjectConfigurationPlatforms) = postSolution
		{5F1321C5-823F-4D92-8C3B-9D9C80A2F2BD}.Debug|Any CPU.ActiveCfg = Debug|Any CPU
		{5F1321C5-823F-4D92-8C3B-9D9C80A2F2BD}.Debug|Any CPU.Build.0 = Debug|Any CPU
		{5F1321C5-823F-4D92-8C3B-9D9C80A2F2BD}.Release|Any CPU.ActiveCfg = Release|Any CPU
		{5F1321C5-823F-4D92-8C3B-9D9C80A2F2BD}.Release|Any CPU.Build.0 = Release|Any CPU
	EndGlobalSection
	GlobalSection(SolutionProperties) = preSolution
		HideSolutionNode = FALSE
	EndGlobalSection
	GlobalSection(ExtensibilityGlobals) = postSolution
		SolutionGuid = {48A43F8C-03DB-4F40-8BB4-E355EC97CE9E}
	EndGlobalSection
EndGlobal
