
Microsoft Visual Studio Solution File, Format Version 12.00
# Visual Studio Version 17
VisualStudioVersion = 17.11.35312.102
MinimumVisualStudioVersion = 10.0.40219.1
Project("{FAE04EC0-301F-11D3-BF4B-00C04F79EFBC}") = "VerificadorDeNumeros", "VerificadorDeNumeros\VerificadorDeNumeros.csproj", "{FDC50970-7BFF-4C3F-A6F7-9EB1196099DB}"
EndProject
Global
	GlobalSection(SolutionConfigurationPlatforms) = preSolution
		Debug|Any CPU = Debug|Any CPU
		Release|Any CPU = Release|Any CPU
	EndGlobalSection
	GlobalSection(ProjectConfigurationPlatforms) = postSolution
		{FDC50970-7BFF-4C3F-A6F7-9EB1196099DB}.Debug|Any CPU.ActiveCfg = Debug|Any CPU
		{FDC50970-7BFF-4C3F-A6F7-9EB1196099DB}.Debug|Any CPU.Build.0 = Debug|Any CPU
		{FDC50970-7BFF-4C3F-A6F7-9EB1196099DB}.Release|Any CPU.ActiveCfg = Release|Any CPU
		{FDC50970-7BFF-4C3F-A6F7-9EB1196099DB}.Release|Any CPU.Build.0 = Release|Any CPU
	EndGlobalSection
	GlobalSection(SolutionProperties) = preSolution
		HideSolutionNode = FALSE
	EndGlobalSection
	GlobalSection(ExtensibilityGlobals) = postSolution
		SolutionGuid = {E3ED6F66-8D41-40EF-878B-B6E39E14679C}
	EndGlobalSection
EndGlobal
